
Microsoft Visual Studio Solution File, Format Version 12.00
# Visual Studio Version 17
VisualStudioVersion = 17.2.32616.157
MinimumVisualStudioVersion = 10.0.40219.1
Project("{9A19103F-16F7-4668-BE54-9A1E7A4F7556}") = "Vessels", "Vessels\Vessels.csproj", "{ECEC583E-08A7-4A99-98EE-9E14DD5550D8}"
EndProject
Project("{9A19103F-16F7-4668-BE54-9A1E7A4F7556}") = "Vessels.Data", "Vessels.Data\Vessels.Data.csproj", "{994BB49F-3957-4B23-89D5-8D5CBA964F71}"
EndProject
Project("{FAE04EC0-301F-11D3-BF4B-00C04F79EFBC}") = "Vessel.UnitTests", "Vessel.UnitTests\Vessel.UnitTests.csproj", "{57DC1258-951F-458A-84C4-B2C8CE27D91B}"
EndProject
Global
	GlobalSection(SolutionConfigurationPlatforms) = preSolution
		Debug|Any CPU = Debug|Any CPU
		Release|Any CPU = Release|Any CPU
	EndGlobalSection
	GlobalSection(ProjectConfigurationPlatforms) = postSolution
		{ECEC583E-08A7-4A99-98EE-9E14DD5550D8}.Debug|Any CPU.ActiveCfg = Debug|Any CPU
		{ECEC583E-08A7-4A99-98EE-9E14DD5550D8}.Debug|Any CPU.Build.0 = Debug|Any CPU
		{ECEC583E-08A7-4A99-98EE-9E14DD5550D8}.Release|Any CPU.ActiveCfg = Release|Any CPU
		{ECEC583E-08A7-4A99-98EE-9E14DD5550D8}.Release|Any CPU.Build.0 = Release|Any CPU
		{994BB49F-3957-4B23-89D5-8D5CBA964F71}.Debug|Any CPU.ActiveCfg = Debug|Any CPU
		{994BB49F-3957-4B23-89D5-8D5CBA964F71}.Debug|Any CPU.Build.0 = Debug|Any CPU
		{994BB49F-3957-4B23-89D5-8D5CBA964F71}.Release|Any CPU.ActiveCfg = Release|Any CPU
		{994BB49F-3957-4B23-89D5-8D5CBA964F71}.Release|Any CPU.Build.0 = Release|Any CPU
		{57DC1258-951F-458A-84C4-B2C8CE27D91B}.Debug|Any CPU.ActiveCfg = Debug|Any CPU
		{57DC1258-951F-458A-84C4-B2C8CE27D91B}.Debug|Any CPU.Build.0 = Debug|Any CPU
		{57DC1258-951F-458A-84C4-B2C8CE27D91B}.Release|Any CPU.ActiveCfg = Release|Any CPU
		{57DC1258-951F-458A-84C4-B2C8CE27D91B}.Release|Any CPU.Build.0 = Release|Any CPU
	EndGlobalSection
	GlobalSection(SolutionProperties) = preSolution
		HideSolutionNode = FALSE
	EndGlobalSection
	GlobalSection(ExtensibilityGlobals) = postSolution
		SolutionGuid = {56BE7308-DFCC-4BB3-8213-C509C8F81677}
	EndGlobalSection
EndGlobal
